
Microsoft Visual Studio Solution File, Format Version 12.00
# Visual Studio Version 17
VisualStudioVersion = 17.3.32929.385
MinimumVisualStudioVersion = 10.0.40219.1
Project("{C7167F0D-BC9F-4E6E-AFE1-012C56B48DB5}") = "Ecr17Example.Package", "Ecr17Example.Package\Ecr17Example.Package.wapproj", "{36E438DD-86EA-46F7-8CC4-943D34B0E1B6}"
EndProject
Project("{8BC9CEB8-8B4A-11D0-8D11-00A0C91BC942}") = "Ecr17Example", "Ecr17Example\Ecr17Example.vcxproj", "{E2184B0D-AF48-4A10-999B-74D1DBE6BE4D}"
EndProject
Project("{8BC9CEB8-8B4A-11D0-8D11-00A0C91BC942}") = "NitroWindows", "..\node_modules\@padosoft\react-native-nitro-windows\windows\NitroWindows\NitroWindows.vcxproj", "{B154B8DF-295A-48AB-9690-90D82F1406A2}"
EndProject
Global
	GlobalSection(SolutionConfigurationPlatforms) = preSolution
		Debug|x64 = Debug|x64
		Debug|x86 = Debug|x86
		Debug|ARM64 = Debug|ARM64
		Release|x64 = Release|x64
		Release|x86 = Release|x86
		Release|ARM64 = Release|ARM64
	EndGlobalSection
	GlobalSection(ProjectConfigurationPlatforms) = postSolution
		{36E438DD-86EA-46F7-8CC4-943D34B0E1B6}.Debug|x64.ActiveCfg = Debug|x64
		{36E438DD-86EA-46F7-8CC4-943D34B0E1B6}.Debug|x64.Build.0 = Debug|x64
		{36E438DD-86EA-46F7-8CC4-943D34B0E1B6}.Debug|x64.Deploy.0 = Debug|x64
		{36E438DD-86EA-46F7-8CC4-943D34B0E1B6}.Debug|x86.ActiveCfg = Debug|x86
		{36E438DD-86EA-46F7-8CC4-943D34B0E1B6}.Debug|x86.Build.0 = Debug|x86
		{36E438DD-86EA-46F7-8CC4-943D34B0E1B6}.Debug|x86.Deploy.0 = Debug|x86
		{36E438DD-86EA-46F7-8CC4-943D34B0E1B6}.Debug|ARM64.ActiveCfg = Debug|ARM64
		{36E438DD-86EA-46F7-8CC4-943D34B0E1B6}.Debug|ARM64.Build.0 = Debug|ARM64
		{36E438DD-86EA-46F7-8CC4-943D34B0E1B6}.Debug|ARM64.Deploy.0 = Debug|ARM64
		{36E438DD-86EA-46F7-8CC4-943D34B0E1B6}.Release|x64.ActiveCfg = Release|x64
		{36E438DD-86EA-46F7-8CC4-943D34B0E1B6}.Release|x64.Build.0 = Release|x64
		{36E438DD-86EA-46F7-8CC4-943D34B0E1B6}.Release|x64.Deploy.0 = Release|x64
		{36E438DD-86EA-46F7-8CC4-943D34B0E1B6}.Release|x86.ActiveCfg = Release|x86
		{36E438DD-86EA-46F7-8CC4-943D34B0E1B6}.Release|x86.Build.0 = Release|x86
		{36E438DD-86EA-46F7-8CC4-943D34B0E1B6}.Release|x86.Deploy.0 = Release|x86
		{36E438DD-86EA-46F7-8CC4-943D34B0E1B6}.Release|ARM64.ActiveCfg = Release|ARM64
		{36E438DD-86EA-46F7-8CC4-943D34B0E1B6}.Release|ARM64.Build.0 = Release|ARM64
		{36E438DD-86EA-46F7-8CC4-943D34B0E1B6}.Release|ARM64.Deploy.0 = Release|ARM64
		{E2184B0D-AF48-4A10-999B-74D1DBE6BE4D}.Debug|x64.ActiveCfg = Debug|x64
		{E2184B0D-AF48-4A10-999B-74D1DBE6BE4D}.Debug|x64.Build.0 = Debug|x64
		{E2184B0D-AF48-4A10-999B-74D1DBE6BE4D}.Debug|x64.Deploy.0 = Debug|x64
		{E2184B0D-AF48-4A10-999B-74D1DBE6BE4D}.Debug|x86.ActiveCfg = Debug|Win32
		{E2184B0D-AF48-4A10-999B-74D1DBE6BE4D}.Debug|x86.Build.0 = Debug|Win32
		{E2184B0D-AF48-4A10-999B-74D1DBE6BE4D}.Debug|x86.Deploy.0 = Debug|Win32
		{E2184B0D-AF48-4A10-999B-74D1DBE6BE4D}.Debug|ARM64.ActiveCfg = Debug|ARM64
		{E2184B0D-AF48-4A10-999B-74D1DBE6BE4D}.Debug|ARM64.Build.0 = Debug|ARM64
		{E2184B0D-AF48-4A10-999B-74D1DBE6BE4D}.Debug|ARM64.Deploy.0 = Debug|ARM64
		{E2184B0D-AF48-4A10-999B-74D1DBE6BE4D}.Release|x64.ActiveCfg = Release|x64
		{E2184B0D-AF48-4A10-999B-74D1DBE6BE4D}.Release|x64.Build.0 = Release|x64
		{E2184B0D-AF48-4A10-999B-74D1DBE6BE4D}.Release|x64.Deploy.0 = Release|x64
		{E2184B0D-AF48-4A10-999B-74D1DBE6BE4D}.Release|x86.ActiveCfg = Release|Win32
		{E2184B0D-AF48-4A10-999B-74D1DBE6BE4D}.Release|x86.Build.0 = Release|Win32
		{E2184B0D-AF48-4A10-999B-74D1DBE6BE4D}.Release|x86.Deploy.0 = Release|Win32
		{E2184B0D-AF48-4A10-999B-74D1DBE6BE4D}.Release|ARM64.ActiveCfg = Release|ARM64
		{E2184B0D-AF48-4A10-999B-74D1DBE6BE4D}.Release|ARM64.Build.0 = Release|ARM64
		{E2184B0D-AF48-4A10-999B-74D1DBE6BE4D}.Release|ARM64.Deploy.0 = Release|ARM64
		{B154B8DF-295A-48AB-9690-90D82F1406A2}.Debug|x64.ActiveCfg = Debug|x64
		{B154B8DF-295A-48AB-9690-90D82F1406A2}.Debug|x64.Build.0 = Debug|x64
		{B154B8DF-295A-48AB-9690-90D82F1406A2}.Debug|x86.ActiveCfg = Debug|Win32
		{B154B8DF-295A-48AB-9690-90D82F1406A2}.Debug|x86.Build.0 = Debug|Win32
		{B154B8DF-295A-48AB-9690-90D82F1406A2}.Debug|ARM64.ActiveCfg = Debug|ARM64
		{B154B8DF-295A-48AB-9690-90D82F1406A2}.Debug|ARM64.Build.0 = Debug|ARM64
		{B154B8DF-295A-48AB-9690-90D82F1406A2}.Release|x64.ActiveCfg = Release|x64
		{B154B8DF-295A-48AB-9690-90D82F1406A2}.Release|x64.Build.0 = Release|x64
		{B154B8DF-295A-48AB-9690-90D82F1406A2}.Release|x86.ActiveCfg = Release|Win32
		{B154B8DF-295A-48AB-9690-90D82F1406A2}.Release|x86.Build.0 = Release|Win32
		{B154B8DF-295A-48AB-9690-90D82F1406A2}.Release|ARM64.ActiveCfg = Release|ARM64
		{B154B8DF-295A-48AB-9690-90D82F1406A2}.Release|ARM64.Build.0 = Release|ARM64
	EndGlobalSection
	GlobalSection(SolutionProperties) = preSolution
		HideSolutionNode = FALSE
	EndGlobalSection
	GlobalSection(ExtensibilityGlobals) = postSolution
		SolutionGuid = {D43FAD39-F619-437D-BB40-04A3982ACB6A}
	EndGlobalSection
EndGlobal
